
Microsoft Visual Studio Solution File, Format Version 12.00
# Visual Studio Version 17
VisualStudioVersion = 17.9.34728.123
MinimumVisualStudioVersion = 10.0.40219.1
Project("{9A19103F-16F7-4668-BE54-9A1E7A4F7556}") = "DiamondShopSystem.Data", "DiamondShopSystem.Data\DiamondShopSystem.Data.csproj", "{C11EC13A-B667-4C72-B72C-A8CDD42D8045}"
EndProject
Project("{9A19103F-16F7-4668-BE54-9A1E7A4F7556}") = "DiamondShopSystem.Business", "DiamondShopSystem.Business\DiamondShopSystem.Business.csproj", "{DA4149BF-0FD8-4D03-AF7A-31A336F1DAAB}"
EndProject
Project("{9A19103F-16F7-4668-BE54-9A1E7A4F7556}") = "DiamondShopSystem.WpfApp", "DiamondShopSystem.WpfApp\DiamondShopSystem.WpfApp.csproj", "{8B476A8C-0BE9-4CE1-9263-682F0D915BBB}"
EndProject
Project("{9A19103F-16F7-4668-BE54-9A1E7A4F7556}") = "DiamondShopSystem.Common", "DiamondShopSystem.Common\DiamondShopSystem.Common.csproj", "{46E23127-501C-4162-ADC2-A0E4A1369533}"
EndProject
Project("{FAE04EC0-301F-11D3-BF4B-00C04F79EFBC}") = "DemoAPI", "DemoAPI\DemoAPI.csproj", "{E33768FF-CE3A-472B-A3AA-4335415E91ED}"
EndProject
Global
	GlobalSection(SolutionConfigurationPlatforms) = preSolution
		Debug|Any CPU = Debug|Any CPU
		Release|Any CPU = Release|Any CPU
	EndGlobalSection
	GlobalSection(ProjectConfigurationPlatforms) = postSolution
		{C11EC13A-B667-4C72-B72C-A8CDD42D8045}.Debug|Any CPU.ActiveCfg = Debug|Any CPU
		{C11EC13A-B667-4C72-B72C-A8CDD42D8045}.Debug|Any CPU.Build.0 = Debug|Any CPU
		{C11EC13A-B667-4C72-B72C-A8CDD42D8045}.Release|Any CPU.ActiveCfg = Release|Any CPU
		{C11EC13A-B667-4C72-B72C-A8CDD42D8045}.Release|Any CPU.Build.0 = Release|Any CPU
		{DA4149BF-0FD8-4D03-AF7A-31A336F1DAAB}.Debug|Any CPU.ActiveCfg = Debug|Any CPU
		{DA4149BF-0FD8-4D03-AF7A-31A336F1DAAB}.Debug|Any CPU.Build.0 = Debug|Any CPU
		{DA4149BF-0FD8-4D03-AF7A-31A336F1DAAB}.Release|Any CPU.ActiveCfg = Release|Any CPU
		{DA4149BF-0FD8-4D03-AF7A-31A336F1DAAB}.Release|Any CPU.Build.0 = Release|Any CPU
		{8B476A8C-0BE9-4CE1-9263-682F0D915BBB}.Debug|Any CPU.ActiveCfg = Debug|Any CPU
		{8B476A8C-0BE9-4CE1-9263-682F0D915BBB}.Debug|Any CPU.Build.0 = Debug|Any CPU
		{8B476A8C-0BE9-4CE1-9263-682F0D915BBB}.Release|Any CPU.ActiveCfg = Release|Any CPU
		{8B476A8C-0BE9-4CE1-9263-682F0D915BBB}.Release|Any CPU.Build.0 = Release|Any CPU
		{46E23127-501C-4162-ADC2-A0E4A1369533}.Debug|Any CPU.ActiveCfg = Debug|Any CPU
		{46E23127-501C-4162-ADC2-A0E4A1369533}.Debug|Any CPU.Build.0 = Debug|Any CPU
		{46E23127-501C-4162-ADC2-A0E4A1369533}.Release|Any CPU.ActiveCfg = Release|Any CPU
		{46E23127-501C-4162-ADC2-A0E4A1369533}.Release|Any CPU.Build.0 = Release|Any CPU
		{E33768FF-CE3A-472B-A3AA-4335415E91ED}.Debug|Any CPU.ActiveCfg = Debug|Any CPU
		{E33768FF-CE3A-472B-A3AA-4335415E91ED}.Debug|Any CPU.Build.0 = Debug|Any CPU
		{E33768FF-CE3A-472B-A3AA-4335415E91ED}.Release|Any CPU.ActiveCfg = Release|Any CPU
		{E33768FF-CE3A-472B-A3AA-4335415E91ED}.Release|Any CPU.Build.0 = Release|Any CPU
	EndGlobalSection
	GlobalSection(SolutionProperties) = preSolution
		HideSolutionNode = FALSE
	EndGlobalSection
	GlobalSection(ExtensibilityGlobals) = postSolution
		SolutionGuid = {9D4FC5AA-6050-4A82-A596-743209BC1CA3}
	EndGlobalSection
EndGlobal
